
Microsoft Visual Studio Solution File, Format Version 12.00
# Visual Studio Version 17
VisualStudioVersion = 17.1.32328.378
MinimumVisualStudioVersion = 10.0.40219.1
Project("{FAE04EC0-301F-11D3-BF4B-00C04F79EFBC}") = "OaSys.API", "OaSys.API\OaSys.API.csproj", "{449451DF-2C3C-4480-9772-F701BB97286E}"
EndProject
Global
	GlobalSection(SolutionConfigurationPlatforms) = preSolution
		Debug|Any CPU = Debug|Any CPU
		Release|Any CPU = Release|Any CPU
	EndGlobalSection
	GlobalSection(ProjectConfigurationPlatforms) = postSolution
		{449451DF-2C3C-4480-9772-F701BB97286E}.Debug|Any CPU.ActiveCfg = Debug|Any CPU
		{449451DF-2C3C-4480-9772-F701BB97286E}.Debug|Any CPU.Build.0 = Debug|Any CPU
		{449451DF-2C3C-4480-9772-F701BB97286E}.Release|Any CPU.ActiveCfg = Release|Any CPU
		{449451DF-2C3C-4480-9772-F701BB97286E}.Release|Any CPU.Build.0 = Release|Any CPU
	EndGlobalSection
	GlobalSection(SolutionProperties) = preSolution
		HideSolutionNode = FALSE
	EndGlobalSection
	GlobalSection(ExtensibilityGlobals) = postSolution
		SolutionGuid = {552E3549-43EC-4056-AB0D-0C80E2FB615D}
	EndGlobalSection
EndGlobal
